Microsoft Visual Studio Solution File, Format Version 12.00
# Visual Studio Version 17
VisualStudioVersion = 17.5.2.0
MinimumVisualStudioVersion = 10.0.40219.1
Project("{FAE04EC0-301F-11D3-BF4B-00C04F79EFBC}") = "DoableFinal", "DoableFinal\DoableFinal.csproj", "{7153C932-F227-3DE1-C890-2EBDF6AACF1D}"
EndProject
Global
	GlobalSection(SolutionConfigurationPlatforms) = preSolution
		Debug|Any CPU = Debug|Any CPU
		Release|Any CPU = Release|Any CPU
	EndGlobalSection
	GlobalSection(ProjectConfigurationPlatforms) = postSolution
		{7153C932-F227-3DE1-C890-2EBDF6AACF1D}.Debug|Any CPU.ActiveCfg = Debug|Any CPU
		{7153C932-F227-3DE1-C890-2EBDF6AACF1D}.Debug|Any CPU.Build.0 = Debug|Any CPU
		{7153C932-F227-3DE1-C890-2EBDF6AACF1D}.Release|Any CPU.ActiveCfg = Release|Any CPU
		{7153C932-F227-3DE1-C890-2EBDF6AACF1D}.Release|Any CPU.Build.0 = Release|Any CPU
	EndGlobalSection
	GlobalSection(SolutionProperties) = preSolution
		HideSolutionNode = FALSE
	EndGlobalSection
	GlobalSection(ExtensibilityGlobals) = postSolution
		SolutionGuid = {7F73A46D-A9E1-49DF-ABEE-ED9787F867A9}
	EndGlobalSection
EndGlobal
